
Microsoft Visual Studio Solution File, Format Version 12.00
# Visual Studio Version 17
VisualStudioVersion = 17.7.34024.191
MinimumVisualStudioVersion = 10.0.40219.1
Project("{9A19103F-16F7-4668-BE54-9A1E7A4F7556}") = "ConsoleClassTask1", "ConsoleClassTask\ConsoleClassTask1.csproj", "{FFDF1416-C0D2-48C8-B7CC-634C53BBCCF1}"
EndProject
Project("{9A19103F-16F7-4668-BE54-9A1E7A4F7556}") = "ConsoleClassTask2", "ConsoleClassTask2\ConsoleClassTask2.csproj", "{B972DC77-406C-4BB1-821C-31E17FCE4A87}"
EndProject
Project("{FAE04EC0-301F-11D3-BF4B-00C04F79EFBC}") = "WorkingWithStrings", "WorkingWithStrings\WorkingWithStrings.csproj", "{CA0E928E-5299-4F6A-858D-F12CE4DB12B9}"
EndProject
Global
	GlobalSection(SolutionConfigurationPlatforms) = preSolution
		Debug|Any CPU = Debug|Any CPU
		Release|Any CPU = Release|Any CPU
	EndGlobalSection
	GlobalSection(ProjectConfigurationPlatforms) = postSolution
		{FFDF1416-C0D2-48C8-B7CC-634C53BBCCF1}.Debug|Any CPU.ActiveCfg = Debug|Any CPU
		{FFDF1416-C0D2-48C8-B7CC-634C53BBCCF1}.Debug|Any CPU.Build.0 = Debug|Any CPU
		{FFDF1416-C0D2-48C8-B7CC-634C53BBCCF1}.Release|Any CPU.ActiveCfg = Release|Any CPU
		{FFDF1416-C0D2-48C8-B7CC-634C53BBCCF1}.Release|Any CPU.Build.0 = Release|Any CPU
		{B972DC77-406C-4BB1-821C-31E17FCE4A87}.Debug|Any CPU.ActiveCfg = Debug|Any CPU
		{B972DC77-406C-4BB1-821C-31E17FCE4A87}.Debug|Any CPU.Build.0 = Debug|Any CPU
		{B972DC77-406C-4BB1-821C-31E17FCE4A87}.Release|Any CPU.ActiveCfg = Release|Any CPU
		{B972DC77-406C-4BB1-821C-31E17FCE4A87}.Release|Any CPU.Build.0 = Release|Any CPU
		{CA0E928E-5299-4F6A-858D-F12CE4DB12B9}.Debug|Any CPU.ActiveCfg = Debug|Any CPU
		{CA0E928E-5299-4F6A-858D-F12CE4DB12B9}.Debug|Any CPU.Build.0 = Debug|Any CPU
		{CA0E928E-5299-4F6A-858D-F12CE4DB12B9}.Release|Any CPU.ActiveCfg = Release|Any CPU
		{CA0E928E-5299-4F6A-858D-F12CE4DB12B9}.Release|Any CPU.Build.0 = Release|Any CPU
	EndGlobalSection
	GlobalSection(SolutionProperties) = preSolution
		HideSolutionNode = FALSE
	EndGlobalSection
	GlobalSection(ExtensibilityGlobals) = postSolution
		SolutionGuid = {BC5D2786-F0D2-44D8-A445-B58A8BEB58E3}
	EndGlobalSection
EndGlobal
